
Microsoft Visual Studio Solution File, Format Version 12.00
# Visual Studio Version 17
VisualStudioVersion = 17.3.32825.248
MinimumVisualStudioVersion = 10.0.40219.1
Project("{FAE04EC0-301F-11D3-BF4B-00C04F79EFBC}") = "WebAPI_2", "WebAPI_2.csproj", "{70429271-2863-43B2-9011-DD081C558E91}"
EndProject
Global
	GlobalSection(SolutionConfigurationPlatforms) = preSolution
		Debug|Any CPU = Debug|Any CPU
		Release|Any CPU = Release|Any CPU
	EndGlobalSection
	GlobalSection(ProjectConfigurationPlatforms) = postSolution
		{70429271-2863-43B2-9011-DD081C558E91}.Debug|Any CPU.ActiveCfg = Debug|Any CPU
		{70429271-2863-43B2-9011-DD081C558E91}.Debug|Any CPU.Build.0 = Debug|Any CPU
		{70429271-2863-43B2-9011-DD081C558E91}.Release|Any CPU.ActiveCfg = Release|Any CPU
		{70429271-2863-43B2-9011-DD081C558E91}.Release|Any CPU.Build.0 = Release|Any CPU
	EndGlobalSection
	GlobalSection(SolutionProperties) = preSolution
		HideSolutionNode = FALSE
	EndGlobalSection
	GlobalSection(ExtensibilityGlobals) = postSolution
		SolutionGuid = {1A09AD47-A540-41E8-BECA-6E80BB392B99}
	EndGlobalSection
EndGlobal
